
Microsoft Visual Studio Solution File, Format Version 12.00
# Visual Studio 15
VisualStudioVersion = 15.0.28307.106
MinimumVisualStudioVersion = 10.0.40219.1
Project("{FAE04EC0-301F-11D3-BF4B-00C04F79EFBC}") = "WebApiIdentityDemo", "WebApiIdentityDemo\WebApiIdentityDemo.csproj", "{90B764BA-863E-4CF0-951E-9C5EBC35DDB4}"
EndProject
Global
	GlobalSection(SolutionConfigurationPlatforms) = preSolution
		Debug|Any CPU = Debug|Any CPU
		Release|Any CPU = Release|Any CPU
	EndGlobalSection
	GlobalSection(ProjectConfigurationPlatforms) = postSolution
		{90B764BA-863E-4CF0-951E-9C5EBC35DDB4}.Debug|Any CPU.ActiveCfg = Debug|Any CPU
		{90B764BA-863E-4CF0-951E-9C5EBC35DDB4}.Debug|Any CPU.Build.0 = Debug|Any CPU
		{90B764BA-863E-4CF0-951E-9C5EBC35DDB4}.Release|Any CPU.ActiveCfg = Release|Any CPU
		{90B764BA-863E-4CF0-951E-9C5EBC35DDB4}.Release|Any CPU.Build.0 = Release|Any CPU
	EndGlobalSection
	GlobalSection(SolutionProperties) = preSolution
		HideSolutionNode = FALSE
	EndGlobalSection
	GlobalSection(ExtensibilityGlobals) = postSolution
		SolutionGuid = {5815F6BA-2265-47B4-A1F6-18EF83915D3B}
	EndGlobalSection
EndGlobal
